PODS:
  - AppCenter (1.0.1):
    - AppCenter/Analytics (= 1.0.1)
    - AppCenter/Crashes (= 1.0.1)
  - AppCenter/Analytics (1.0.1):
    - AppCenter/Core
  - AppCenter/Core (1.0.1)
  - AppCenter/Crashes (1.0.1):
    - AppCenter/Core
  - AppCenter/Distribute (1.0.1):
    - AppCenter/Core
  - AppCenter/Push (1.0.1):
    - AppCenter/Core

DEPENDENCIES:
  - AppCenter
  - AppCenter/Analytics
  - AppCenter/Crashes
  - AppCenter/Distribute
  - AppCenter/Push

SPEC CHECKSUMS:
  AppCenter: 1d9e08e4ffe7a8eab6e9741a12d27e44074e73a7

PODFILE CHECKSUM: 0f71879837c0dbb529694611ccdab2e4a6c45251

COCOAPODS: 1.3.1
