PODS:
  - MobileCenter (0.10.1):
    - MobileCenter/Analytics (= 0.10.1)
    - MobileCenter/Crashes (= 0.10.1)
  - MobileCenter/Analytics (0.10.1):
    - MobileCenter/Core
  - MobileCenter/Core (0.10.1)
  - MobileCenter/Crashes (0.10.1):
    - MobileCenter/Core
  - MobileCenter/Distribute (0.10.1):
    - MobileCenter/Core
  - MobileCenter/Push (0.10.1):
    - MobileCenter/Core

DEPENDENCIES:
  - MobileCenter
  - MobileCenter/Analytics
  - MobileCenter/Crashes
  - MobileCenter/Distribute
  - MobileCenter/Push

SPEC CHECKSUMS:
  MobileCenter: 2ef7c02fd337dbde11cf15552c2006db2c3774c3

PODFILE CHECKSUM: 97df8b22c8bb7f614ccf75340d937852be4945ca

COCOAPODS: 1.3.1
